{
  "originHash" : "a5d4872d4b7b28e0fe116b1db7fb30bad4afae331caa8e1e739691fdebbe28d8",
  "pins" : [
    {
      "identity" : "alamofire",
      "kind" : "remoteSourceControl",
      "location" : "https://github.com/Alamofire/Alamofire.git",
      "state" : {
        "revision" : "3dc6a42c7727c49bf26508e29b0a0b35f9c7e1ad",
        "version" : "5.8.1"
      }
    },
    {
      "identity" : "debugswift",
      "kind" : "remoteSourceControl",
      "location" : "https://github.com/DebugSwift/DebugSwift.git",
      "state" : {
        "revision" : "6f5a7f2111257fab7323641716943001707a61bb",
        "version" : "1.15.0"
      }
    },
    {
      "identity" : "factory",
      "kind" : "remoteSourceControl",
      "location" : "https://github.com/hmlongco/Factory",
      "state" : {
        "revision" : "ccc898f21992ebc130bc04cc197460a5ae230bcf",
        "version" : "2.5.3"
      }
    }
  ],
  "version" : 3
}
